// !$*UTF8*$!
{
	archiveVersion = 1;
	classes = {
	};
	objectVersion = 46;
	objects = {

/* Begin PBXBuildFile section */
		93C8B30E1BCB668A008E26BA /* main.m in Sources */ = {isa = PBXBuildFile; fileRef = 93C8B30D1BCB668A008E26BA /* main.m */; };
		93C8B3111BCB668A008E26BA /* AppDelegate.m in Sources */ = {isa = PBXBuildFile; fileRef = 93C8B3101BCB668A008E26BA /* AppDelegate.m */; };
		93C8B3141BCB668A008E26BA /* ViewController.m in Sources */ = {isa = PBXBuildFile; fileRef = 93C8B3131BCB668A008E26BA /* ViewController.m */; };
		93C8B3171BCB668A008E26BA /* Main.storyboard in Resources */ = {isa = PBXBuildFile; fileRef = 93C8B3151BCB668A008E26BA /* Main.storyboard */; };
		93C8B3191BCB668A008E26BA /* Assets.xcassets in Resources */ = {isa = PBXBuildFile; fileRef = 93C8B3181BCB668A008E26BA /* Assets.xcassets */; };
		93C8B31C1BCB668A008E26BA /* LaunchScreen.storyboard in Resources */ = {isa = PBXBuildFile; fileRef = 93C8B31A1BCB668A008E26BA /* LaunchScreen.storyboard */; };
		93C8B3271BCB668B008E26BA /* WebShowTests.m in Sources */ = {isa = PBXBuildFile; fileRef = 93C8B3261BCB668B008E26BA /* WebShowTests.m */; };
		93C8B3321BCB668B008E26BA /* WebShowUITests.m in Sources */ = {isa = PBXBuildFile; fileRef = 93C8B3311BCB668B008E26BA /* WebShowUITests.m */; };
		93C8B3471BCB6835008E26BA /* WebTableCell.m in Sources */ = {isa = PBXBuildFile; fileRef = 93C8B3451BCB6835008E26BA /* WebTableCell.m */; settings = {ASSET_TAGS = (); }; };
		93C8B3481BCB6835008E26BA /* WebTableCell.xib in Resources */ = {isa = PBXBuildFile; fileRef = 93C8B3461BCB6835008E26BA /* WebTableCell.xib */; settings = {ASSET_TAGS = (); }; };
/* End PBXBuildFile section */

/* Begin PBXContainerItemProxy section */
		93C8B3231BCB668B008E26BA /* PBXContainerItemProxy */ = {
			isa = PBXContainerItemProxy;
			containerPortal = 93C8B3011BCB668A008E26BA /* Project object */;
			proxyType = 1;
			remoteGlobalIDString = 93C8B3081BCB668A008E26BA;
			remoteInfo = WebShow;
		};
		93C8B32E1BCB668B008E26BA /* PBXContainerItemProxy */ = {
			isa = PBXContainerItemProxy;
			containerPortal = 93C8B3011BCB668A008E26BA /* Project object */;
			proxyType = 1;
			remoteGlobalIDString = 93C8B3081BCB668A008E26BA;
			remoteInfo = WebShow;
		};
/* End PBXContainerItemProxy section */

/* Begin PBXFileReference section */
		93C8B3091BCB668A008E26BA /* WebShow.app */ = {isa = PBXFileReference; explicitFileType = wrapper.application; includeInIndex = 0; path = WebShow.app; sourceTree = BUILT_PRODUCTS_DIR; };
		93C8B30D1BCB668A008E26BA /* main.m */ = {isa = PBXFileReference; lastKnownFileType = sourcecode.c.objc; path = main.m; sourceTree = "<group>"; };
		93C8B30F1BCB668A008E26BA /* AppDelegate.h */ = {isa = PBXFileReference; lastKnownFileType = sourcecode.c.h; path = AppDelegate.h; sourceTree = "<group>"; };
		93C8B3101BCB668A008E26BA /* AppDelegate.m */ = {isa = PBXFileReference; lastKnownFileType = sourcecode.c.objc; path = AppDelegate.m; sourceTree = "<group>"; };
		93C8B3121BCB668A008E26BA /* ViewController.h */ = {isa = PBXFileReference; lastKnownFileType = sourcecode.c.h; path = ViewController.h; sourceTree = "<group>"; };
		93C8B3131BCB668A008E26BA /* ViewController.m */ = {isa = PBXFileReference; lastKnownFileType = sourcecode.c.objc; path = ViewController.m; sourceTree = "<group>"; };
		93C8B3161BCB668A008E26BA /* Base */ = {isa = PBXFileReference; lastKnownFileType = file.storyboard; name = Base; path = Base.lproj/Main.storyboard; sourceTree = "<group>"; };
		93C8B3181BCB668A008E26BA /* Assets.xcassets */ = {isa = PBXFileReference; lastKnownFileType = folder.assetcatalog; path = Assets.xcassets; sourceTree = "<group>"; };
		93C8B31B1BCB668A008E26BA /* Base */ = {isa = PBXFileReference; lastKnownFileType = file.storyboard; name = Base; path = Base.lproj/LaunchScreen.storyboard; sourceTree = "<group>"; };
		93C8B31D1BCB668B008E26BA /* Info.plist */ = {isa = PBXFileReference; lastKnownFileType = text.plist.xml; path = Info.plist; sourceTree = "<group>"; };
		93C8B3221BCB668B008E26BA /* WebShowTests.xctest */ = {isa = PBXFileReference; explicitFileType = wrapper.cfbundle; includeInIndex = 0; path = WebShowTests.xctest; sourceTree = BUILT_PRODUCTS_DIR; };
		93C8B3261BCB668B008E26BA /* WebShowTests.m */ = {isa = PBXFileReference; lastKnownFileType = sourcecode.c.objc; path = WebShowTests.m; sourceTree = "<group>"; };
		93C8B3281BCB668B008E26BA /* Info.plist */ = {isa = PBXFileReference; lastKnownFileType = text.plist.xml; path = Info.plist; sourceTree = "<group>"; };
		93C8B32D1BCB668B008E26BA /* WebShowUITests.xctest */ = {isa = PBXFileReference; explicitFileType = wrapper.cfbundle; includeInIndex = 0; path = WebShowUITests.xctest; sourceTree = BUILT_PRODUCTS_DIR; };
		93C8B3311BCB668B008E26BA /* WebShowUITests.m */ = {isa = PBXFileReference; lastKnownFileType = sourcecode.c.objc; path = WebShowUITests.m; sourceTree = "<group>"; };
		93C8B3331BCB668B008E26BA /* Info.plist */ = {isa = PBXFileReference; lastKnownFileType = text.plist.xml; path = Info.plist; sourceTree = "<group>"; };
		93C8B3441BCB6835008E26BA /* WebTableCell.h */ = {isa = PBXFileReference; fileEncoding = 4; lastKnownFileType = sourcecode.c.h; path = WebTableCell.h; sourceTree = "<group>"; };
		93C8B3451BCB6835008E26BA /* WebTableCell.m */ = {isa = PBXFileReference; fileEncoding = 4; lastKnownFileType = sourcecode.c.objc; path = WebTableCell.m; sourceTree = "<group>"; };
		93C8B3461BCB6835008E26BA /* WebTableCell.xib */ = {isa = PBXFileReference; fileEncoding = 4; lastKnownFileType = file.xib; path = WebTableCell.xib; sourceTree = "<group>"; };
/* End PBXFileReference section */

/* Begin PBXFrameworksBuildPhase section */
		93C8B3061BCB668A008E26BA /* Frameworks */ = {
			isa = PBXFrameworksBuildPhase;
			buildActionMask = 2147483647;
			files = (
			);
			runOnlyForDeploymentPostprocessing = 0;
		};
		93C8B31F1BCB668B008E26BA /* Frameworks */ = {
			isa = PBXFrameworksBuildPhase;
			buildActionMask = 2147483647;
			files = (
			);
			runOnlyForDeploymentPostprocessing = 0;
		};
		93C8B32A1BCB668B008E26BA /* Frameworks */ = {
			isa = PBXFrameworksBuildPhase;
			buildActionMask = 2147483647;
			files = (
			);
			runOnlyForDeploymentPostprocessing = 0;
		};
/* End PBXFrameworksBuildPhase section */

/* Begin PBXGroup section */
		93C8B3001BCB668A008E26BA = {
			isa = PBXGroup;
			children = (
				93C8B30B1BCB668A008E26BA /* WebShow */,
				93C8B3251BCB668B008E26BA /* WebShowTests */,
				93C8B3301BCB668B008E26BA /* WebShowUITests */,
				93C8B30A1BCB668A008E26BA /* Products */,
			);
			sourceTree = "<group>";
		};
		93C8B30A1BCB668A008E26BA /* Products */ = {
			isa = PBXGroup;
			children = (
				93C8B3091BCB668A008E26BA /* WebShow.app */,
				93C8B3221BCB668B008E26BA /* WebShowTests.xctest */,
				93C8B32D1BCB668B008E26BA /* WebShowUITests.xctest */,
			);
			name = Products;
			sourceTree = "<group>";
		};
		93C8B30B1BCB668A008E26BA /* WebShow */ = {
			isa = PBXGroup;
			children = (
				93C8B30F1BCB668A008E26BA /* AppDelegate.h */,
				93C8B3101BCB668A008E26BA /* AppDelegate.m */,
				93C8B3121BCB668A008E26BA /* ViewController.h */,
				93C8B3131BCB668A008E26BA /* ViewController.m */,
				93C8B3151BCB668A008E26BA /* Main.storyboard */,
				93C8B3441BCB6835008E26BA /* WebTableCell.h */,
				93C8B3451BCB6835008E26BA /* WebTableCell.m */,
				93C8B3461BCB6835008E26BA /* WebTableCell.xib */,
				93C8B3181BCB668A008E26BA /* Assets.xcassets */,
				93C8B31A1BCB668A008E26BA /* LaunchScreen.storyboard */,
				93C8B31D1BCB668B008E26BA /* Info.plist */,
				93C8B30C1BCB668A008E26BA /* Supporting Files */,
			);
			path = WebShow;
			sourceTree = "<group>";
		};
		93C8B30C1BCB668A008E26BA /* Supporting Files */ = {
			isa = PBXGroup;
			children = (
				93C8B30D1BCB668A008E26BA /* main.m */,
			);
			name = "Supporting Files";
			sourceTree = "<group>";
		};
		93C8B3251BCB668B008E26BA /* WebShowTests */ = {
			isa = PBXGroup;
			children = (
				93C8B3261BCB668B008E26BA /* WebShowTests.m */,
				93C8B3281BCB668B008E26BA /* Info.plist */,
			);
			path = WebShowTests;
			sourceTree = "<group>";
		};
		93C8B3301BCB668B008E26BA /* WebShowUITests */ = {
			isa = PBXGroup;
			children = (
				93C8B3311BCB668B008E26BA /* WebShowUITests.m */,
				93C8B3331BCB668B008E26BA /* Info.plist */,
			);
			path = WebShowUITests;
			sourceTree = "<group>";
		};
/* End PBXGroup section */

/* Begin PBXNativeTarget section */
		93C8B3081BCB668A008E26BA /* WebShow */ = {
			isa = PBXNativeTarget;
			buildConfigurationList = 93C8B3361BCB668B008E26BA /* Build configuration list for PBXNativeTarget "WebShow" */;
			buildPhases = (
				93C8B3051BCB668A008E26BA /* Sources */,
				93C8B3061BCB668A008E26BA /* Frameworks */,
				93C8B3071BCB668A008E26BA /* Resources */,
			);
			buildRules = (
			);
			dependencies = (
			);
			name = WebShow;
			productName = WebShow;
			productReference = 93C8B3091BCB668A008E26BA /* WebShow.app */;
			productType = "com.apple.product-type.application";
		};
		93C8B3211BCB668B008E26BA /* WebShowTests */ = {
			isa = PBXNativeTarget;
			buildConfigurationList = 93C8B3391BCB668B008E26BA /* Build configuration list for PBXNativeTarget "WebShowTests" */;
			buildPhases = (
				93C8B31E1BCB668B008E26BA /* Sources */,
				93C8B31F1BCB668B008E26BA /* Frameworks */,
				93C8B3201BCB668B008E26BA /* Resources */,
			);
			buildRules = (
			);
			dependencies = (
				93C8B3241BCB668B008E26BA /* PBXTargetDependency */,
			);
			name = WebShowTests;
			productName = WebShowTests;
			productReference = 93C8B3221BCB668B008E26BA /* WebShowTests.xctest */;
			productType = "com.apple.product-type.bundle.unit-test";
		};
		93C8B32C1BCB668B008E26BA /* WebShowUITests */ = {
			isa = PBXNativeTarget;
			buildConfigurationList = 93C8B33C1BCB668B008E26BA /* Build configuration list for PBXNativeTarget "WebShowUITests" */;
			buildPhases = (
				93C8B3291BCB668B008E26BA /* Sources */,
				93C8B32A1BCB668B008E26BA /* Frameworks */,
				93C8B32B1BCB668B008E26BA /* Resources */,
			);
			buildRules = (
			);
			dependencies = (
				93C8B32F1BCB668B008E26BA /* PBXTargetDependency */,
			);
			name = WebShowUITests;
			productName = WebShowUITests;
			productReference = 93C8B32D1BCB668B008E26BA /* WebShowUITests.xctest */;
			productType = "com.apple.product-type.bundle.ui-testing";
		};
/* End PBXNativeTarget section */

/* Begin PBXProject section */
		93C8B3011BCB668A008E26BA /* Project object */ = {
			isa = PBXProject;
			attributes = {
				LastUpgradeCheck = 0700;
				ORGANIZATIONNAME = li;
				TargetAttributes = {
					93C8B3081BCB668A008E26BA = {
						CreatedOnToolsVersion = 7.0.1;
					};
					93C8B3211BCB668B008E26BA = {
						CreatedOnToolsVersion = 7.0.1;
						TestTargetID = 93C8B3081BCB668A008E26BA;
					};
					93C8B32C1BCB668B008E26BA = {
						CreatedOnToolsVersion = 7.0.1;
						TestTargetID = 93C8B3081BCB668A008E26BA;
					};
				};
			};
			buildConfigurationList = 93C8B3041BCB668A008E26BA /* Build configuration list for PBXProject "WebShow" */;
			compatibilityVersion = "Xcode 3.2";
			developmentRegion = English;
			hasScannedForEncodings = 0;
			knownRegions = (
				en,
				Base,
			);
			mainGroup = 93C8B3001BCB668A008E26BA;
			productRefGroup = 93C8B30A1BCB668A008E26BA /* Products */;
			projectDirPath = "";
			projectRoot = "";
			targets = (
				93C8B3081BCB668A008E26BA /* WebShow */,
				93C8B3211BCB668B008E26BA /* WebShowTests */,
				93C8B32C1BCB668B008E26BA /* WebShowUITests */,
			);
		};
/* End PBXProject section */

/* Begin PBXResourcesBuildPhase section */
		93C8B3071BCB668A008E26BA /* Resources */ = {
			isa = PBXResourcesBuildPhase;
			buildActionMask = 2147483647;
			files = (
				93C8B31C1BCB668A008E26BA /* LaunchScreen.storyboard in Resources */,
				93C8B3481BCB6835008E26BA /* WebTableCell.xib in Resources */,
				93C8B3191BCB668A008E26BA /* Assets.xcassets in Resources */,
				93C8B3171BCB668A008E26BA /* Main.storyboard in Resources */,
			);
			runOnlyForDeploymentPostprocessing = 0;
		};
		93C8B3201BCB668B008E26BA /* Resources */ = {
			isa = PBXResourcesBuildPhase;
			buildActionMask = 2147483647;
			files = (
			);
			runOnlyForDeploymentPostprocessing = 0;
		};
		93C8B32B1BCB668B008E26BA /* Resources */ = {
			isa = PBXResourcesBuildPhase;
			buildActionMask = 2147483647;
			files = (
			);
			runOnlyForDeploymentPostprocessing = 0;
		};
/* End PBXResourcesBuildPhase section */

/* Begin PBXSourcesBuildPhase section */
		93C8B3051BCB668A008E26BA /* Sources */ = {
			isa = PBXSourcesBuildPhase;
			buildActionMask = 2147483647;
			files = (
				93C8B3141BCB668A008E26BA /* ViewController.m in Sources */,
				93C8B3471BCB6835008E26BA /* WebTableCell.m in Sources */,
				93C8B3111BCB668A008E26BA /* AppDelegate.m in Sources */,
				93C8B30E1BCB668A008E26BA /* main.m in Sources */,
			);
			runOnlyForDeploymentPostprocessing = 0;
		};
		93C8B31E1BCB668B008E26BA /* Sources */ = {
			isa = PBXSourcesBuildPhase;
			buildActionMask = 2147483647;
			files = (
				93C8B3271BCB668B008E26BA /* WebShowTests.m in Sources */,
			);
			runOnlyForDeploymentPostprocessing = 0;
		};
		93C8B3291BCB668B008E26BA /* Sources */ = {
			isa = PBXSourcesBuildPhase;
			buildActionMask = 2147483647;
			files = (
				93C8B3321BCB668B008E26BA /* WebShowUITests.m in Sources */,
			);
			runOnlyForDeploymentPostprocessing = 0;
		};
/* End PBXSourcesBuildPhase section */

/* Begin PBXTargetDependency section */
		93C8B3241BCB668B008E26BA /* PBXTargetDependency */ = {
			isa = PBXTargetDependency;
			target = 93C8B3081BCB668A008E26BA /* WebShow */;
			targetProxy = 93C8B3231BCB668B008E26BA /* PBXContainerItemProxy */;
		};
		93C8B32F1BCB668B008E26BA /* PBXTargetDependency */ = {
			isa = PBXTargetDependency;
			target = 93C8B3081BCB668A008E26BA /* WebShow */;
			targetProxy = 93C8B32E1BCB668B008E26BA /* PBXContainerItemProxy */;
		};
/* End PBXTargetDependency section */

/* Begin PBXVariantGroup section */
		93C8B3151BCB668A008E26BA /* Main.storyboard */ = {
			isa = PBXVariantGroup;
			children = (
				93C8B3161BCB668A008E26BA /* Base */,
			);
			name = Main.storyboard;
			sourceTree = "<group>";
		};
		93C8B31A1BCB668A008E26BA /* LaunchScreen.storyboard */ = {
			isa = PBXVariantGroup;
			children = (
				93C8B31B1BCB668A008E26BA /* Base */,
			);
			name = LaunchScreen.storyboard;
			sourceTree = "<group>";
		};
/* End PBXVariantGroup section */

/* Begin XCBuildConfiguration section */
		93C8B3341BCB668B008E26BA /* Debug */ = {
			isa = XCBuildConfiguration;
			buildSettings = {
				ALWAYS_SEARCH_USER_PATHS = NO;
				CLANG_CXX_LANGUAGE_STANDARD = "gnu++0x";
				CLANG_CXX_LIBRARY = "libc++";
				CLANG_ENABLE_MODULES = YES;
				CLANG_ENABLE_OBJC_ARC = YES;
				CLANG_WARN_BOOL_CONVERSION = YES;
				CLANG_WARN_CONSTANT_CONVERSION = YES;
				CLANG_WARN_DIRECT_OBJC_ISA_USAGE = YES_ERROR;
				CLANG_WARN_EMPTY_BODY = YES;
				CLANG_WARN_ENUM_CONVERSION = YES;
				CLANG_WARN_INT_CONVERSION = YES;
				CLANG_WARN_OBJC_ROOT_CLASS = YES_ERROR;
				CLANG_WARN_UNREACHABLE_CODE = YES;
				CLANG_WARN__DUPLICATE_METHOD_MATCH = YES;
				"CODE_SIGN_IDENTITY[sdk=iphoneos*]" = "iPhone Developer";
				COPY_PHASE_STRIP = NO;
				DEBUG_INFORMATION_FORMAT = dwarf;
				ENABLE_STRICT_OBJC_MSGSEND = YES;
				ENABLE_TESTABILITY = YES;
				GCC_C_LANGUAGE_STANDARD = gnu99;
				GCC_DYNAMIC_NO_PIC = NO;
				GCC_NO_COMMON_BLOCKS = YES;
				GCC_OPTIMIZATION_LEVEL = 0;
				GCC_PREPROCESSOR_DEFINITIONS = (
					"DEBUG=1",
					"$(inherited)",
				);
				GCC_WARN_64_TO_32_BIT_CONVERSION = YES;
				GCC_WARN_ABOUT_RETURN_TYPE = YES_ERROR;
				GCC_WARN_UNDECLARED_SELECTOR = YES;
				GCC_WARN_UNINITIALIZED_AUTOS = YES_AGGRESSIVE;
				GCC_WARN_UNUSED_FUNCTION = YES;
				GCC_WARN_UNUSED_VARIABLE = YES;
				IPHONEOS_DEPLOYMENT_TARGET = 9.0;
				MTL_ENABLE_DEBUG_INFO = YES;
				ONLY_ACTIVE_ARCH = YES;
				SDKROOT = iphoneos;
			};
			name = Debug;
		};
		93C8B3351BCB668B008E26BA /* Release */ = {
			isa = XCBuildConfiguration;
			buildSettings = {
				ALWAYS_SEARCH_USER_PATHS = NO;
				CLANG_CXX_LANGUAGE_STANDARD = "gnu++0x";
				CLANG_CXX_LIBRARY = "libc++";
				CLANG_ENABLE_MODULES = YES;
				CLANG_ENABLE_OBJC_ARC = YES;
				CLANG_WARN_BOOL_CONVERSION = YES;
				CLANG_WARN_CONSTANT_CONVERSION = YES;
				CLANG_WARN_DIRECT_OBJC_ISA_USAGE = YES_ERROR;
				CLANG_WARN_EMPTY_BODY = YES;
				CLANG_WARN_ENUM_CONVERSION = YES;
				CLANG_WARN_INT_CONVERSION = YES;
				CLANG_WARN_OBJC_ROOT_CLASS = YES_ERROR;
				CLANG_WARN_UNREACHABLE_CODE = YES;
				CLANG_WARN__DUPLICATE_METHOD_MATCH = YES;
				"CODE_SIGN_IDENTITY[sdk=iphoneos*]" = "iPhone Developer";
				COPY_PHASE_STRIP = NO;
				DEBUG_INFORMATION_FORMAT = "dwarf-with-dsym";
				ENABLE_NS_ASSERTIONS = NO;
				ENABLE_STRICT_OBJC_MSGSEND = YES;
				GCC_C_LANGUAGE_STANDARD = gnu99;
				GCC_NO_COMMON_BLOCKS = YES;
				GCC_WARN_64_TO_32_BIT_CONVERSION = YES;
				GCC_WARN_ABOUT_RETURN_TYPE = YES_ERROR;
				GCC_WARN_UNDECLARED_SELECTOR = YES;
				GCC_WARN_UNINITIALIZED_AUTOS = YES_AGGRESSIVE;
				GCC_WARN_UNUSED_FUNCTION = YES;
				GCC_WARN_UNUSED_VARIABLE = YES;
				IPHONEOS_DEPLOYMENT_TARGET = 9.0;
				MTL_ENABLE_DEBUG_INFO = NO;
				SDKROOT = iphoneos;
				VALIDATE_PRODUCT = YES;
			};
			name = Release;
		};
		93C8B3371BCB668B008E26BA /* Debug */ = {
			isa = XCBuildConfiguration;
			buildSettings = {
				ASSETCATALOG_COMPILER_APPICON_NAME = AppIcon;
				INFOPLIST_FILE = WebShow/Info.plist;
				LD_RUNPATH_SEARCH_PATHS = "$(inherited) @executable_path/Frameworks";
				PRODUCT_BUNDLE_IDENTIFIER = com.yucheng.comshow.WebShow;
				PRODUCT_NAME = "$(TARGET_NAME)";
			};
			name = Debug;
		};
		93C8B3381BCB668B008E26BA /* Release */ = {
			isa = XCBuildConfiguration;
			buildSettings = {
				ASSETCATALOG_COMPILER_APPICON_NAME = AppIcon;
				INFOPLIST_FILE = WebShow/Info.plist;
				LD_RUNPATH_SEARCH_PATHS = "$(inherited) @executable_path/Frameworks";
				PRODUCT_BUNDLE_IDENTIFIER = com.yucheng.comshow.WebShow;
				PRODUCT_NAME = "$(TARGET_NAME)";
			};
			name = Release;
		};
		93C8B33A1BCB668B008E26BA /* Debug */ = {
			isa = XCBuildConfiguration;
			buildSettings = {
				BUNDLE_LOADER = "$(TEST_HOST)";
				INFOPLIST_FILE = WebShowTests/Info.plist;
				LD_RUNPATH_SEARCH_PATHS = "$(inherited) @executable_path/Frameworks @loader_path/Frameworks";
				PRODUCT_BUNDLE_IDENTIFIER = com.yucheng.comshow.WebShowTests;
				PRODUCT_NAME = "$(TARGET_NAME)";
				TEST_HOST = "$(BUILT_PRODUCTS_DIR)/WebShow.app/WebShow";
			};
			name = Debug;
		};
		93C8B33B1BCB668B008E26BA /* Release */ = {
			isa = XCBuildConfiguration;
			buildSettings = {
				BUNDLE_LOADER = "$(TEST_HOST)";
				INFOPLIST_FILE = WebShowTests/Info.plist;
				LD_RUNPATH_SEARCH_PATHS = "$(inherited) @executable_path/Frameworks @loader_path/Frameworks";
				PRODUCT_BUNDLE_IDENTIFIER = com.yucheng.comshow.WebShowTests;
				PRODUCT_NAME = "$(TARGET_NAME)";
				TEST_HOST = "$(BUILT_PRODUCTS_DIR)/WebShow.app/WebShow";
			};
			name = Release;
		};
		93C8B33D1BCB668B008E26BA /* Debug */ = {
			isa = XCBuildConfiguration;
			buildSettings = {
				INFOPLIST_FILE = WebShowUITests/Info.plist;
				LD_RUNPATH_SEARCH_PATHS = "$(inherited) @executable_path/Frameworks @loader_path/Frameworks";
				PRODUCT_BUNDLE_IDENTIFIER = com.yucheng.comshow.WebShowUITests;
				PRODUCT_NAME = "$(TARGET_NAME)";
				TEST_TARGET_NAME = WebShow;
				USES_XCTRUNNER = YES;
			};
			name = Debug;
		};
		93C8B33E1BCB668B008E26BA /* Release */ = {
			isa = XCBuildConfiguration;
			buildSettings = {
				INFOPLIST_FILE = WebShowUITests/Info.plist;
				LD_RUNPATH_SEARCH_PATHS = "$(inherited) @executable_path/Frameworks @loader_path/Frameworks";
				PRODUCT_BUNDLE_IDENTIFIER = com.yucheng.comshow.WebShowUITests;
				PRODUCT_NAME = "$(TARGET_NAME)";
				TEST_TARGET_NAME = WebShow;
				USES_XCTRUNNER = YES;
			};
			name = Release;
		};
/* End XCBuildConfiguration section */

/* Begin XCConfigurationList section */
		93C8B3041BCB668A008E26BA /* Build configuration list for PBXProject "WebShow" */ = {
			isa = XCConfigurationList;
			buildConfigurations = (
				93C8B3341BCB668B008E26BA /* Debug */,
				93C8B3351BCB668B008E26BA /* Release */,
			);
			defaultConfigurationIsVisible = 0;
			defaultConfigurationName = Release;
		};
		93C8B3361BCB668B008E26BA /* Build configuration list for PBXNativeTarget "WebShow" */ = {
			isa = XCConfigurationList;
			buildConfigurations = (
				93C8B3371BCB668B008E26BA /* Debug */,
				93C8B3381BCB668B008E26BA /* Release */,
			);
			defaultConfigurationIsVisible = 0;
			defaultConfigurationName = Release;
		};
		93C8B3391BCB668B008E26BA /* Build configuration list for PBXNativeTarget "WebShowTests" */ = {
			isa = XCConfigurationList;
			buildConfigurations = (
				93C8B33A1BCB668B008E26BA /* Debug */,
				93C8B33B1BCB668B008E26BA /* Release */,
			);
			defaultConfigurationIsVisible = 0;
			defaultConfigurationName = Release;
		};
		93C8B33C1BCB668B008E26BA /* Build configuration list for PBXNativeTarget "WebShowUITests" */ = {
			isa = XCConfigurationList;
			buildConfigurations = (
				93C8B33D1BCB668B008E26BA /* Debug */,
				93C8B33E1BCB668B008E26BA /* Release */,
			);
			defaultConfigurationIsVisible = 0;
			defaultConfigurationName = Release;
		};
/* End XCConfigurationList section */
	};
	rootObject = 93C8B3011BCB668A008E26BA /* Project object */;
}
